
Microsoft Visual Studio Solution File, Format Version 12.00
# Visual Studio Version 16
VisualStudioVersion = 16.0.31515.178
MinimumVisualStudioVersion = 10.0.40219.1
Project("{FAE04EC0-301F-11D3-BF4B-00C04F79EFBC}") = "IOTFinalServer", "IOTFinalServer\IOTFinalServer.csproj", "{47F35655-20BC-4D07-BDF5-4EC6B17ACFDB}"
EndProject
Global
	GlobalSection(SolutionConfigurationPlatforms) = preSolution
		Debug|Any CPU = Debug|Any CPU
		Release|Any CPU = Release|Any CPU
	EndGlobalSection
	GlobalSection(ProjectConfigurationPlatforms) = postSolution
		{47F35655-20BC-4D07-BDF5-4EC6B17ACFDB}.Debug|Any CPU.ActiveCfg = Debug|Any CPU
		{47F35655-20BC-4D07-BDF5-4EC6B17ACFDB}.Debug|Any CPU.Build.0 = Debug|Any CPU
		{47F35655-20BC-4D07-BDF5-4EC6B17ACFDB}.Release|Any CPU.ActiveCfg = Release|Any CPU
		{47F35655-20BC-4D07-BDF5-4EC6B17ACFDB}.Release|Any CPU.Build.0 = Release|Any CPU
	EndGlobalSection
	GlobalSection(SolutionProperties) = preSolution
		HideSolutionNode = FALSE
	EndGlobalSection
	GlobalSection(ExtensibilityGlobals) = postSolution
		SolutionGuid = {CD25642D-EA99-40EA-9371-6C189643D764}
	EndGlobalSection
EndGlobal
